Microsoft Visual Studio Solution File, Format Version 12.00
# Visual Studio 15
VisualStudioVersion = 15.0.28010.2036
MinimumVisualStudioVersion = 10.0.40219.1
Project("{9A19103F-16F7-4668-BE54-9A1E7A4F7556}") = "sib_api_v3_sdk", "src\sib_api_v3_sdk\sib_api_v3_sdk.csproj", "{E652C592-450F-4626-9AC0-9093AB12CFF2}"
EndProject
Global
	GlobalSection(SolutionConfigurationPlatforms) = preSolution
		Debug|Any CPU = Debug|Any CPU
		Release|Any CPU = Release|Any CPU
	EndGlobalSection
	GlobalSection(ProjectConfigurationPlatforms) = postSolution
		{E652C592-450F-4626-9AC0-9093AB12CFF2}.Debug|Any CPU.ActiveCfg = Debug|Any CPU
		{E652C592-450F-4626-9AC0-9093AB12CFF2}.Debug|Any CPU.Build.0 = Debug|Any CPU
		{E652C592-450F-4626-9AC0-9093AB12CFF2}.Release|Any CPU.ActiveCfg = Release|Any CPU
		{E652C592-450F-4626-9AC0-9093AB12CFF2}.Release|Any CPU.Build.0 = Release|Any CPU
	EndGlobalSection
	GlobalSection(SolutionProperties) = preSolution
		HideSolutionNode = FALSE
	EndGlobalSection
	GlobalSection(ExtensibilityGlobals) = postSolution
		SolutionGuid = {CA0D4C7A-6E62-444B-8284-6DACD452CE37}
	EndGlobalSection
EndGlobal
