Microsoft Visual Studio Solution File, Format Version 12.00
# Visual Studio 15
VisualStudioVersion = 15.0.28307.1022
MinimumVisualStudioVersion = 10.0.40219.1
Project("{9A19103F-16F7-4668-BE54-9A1E7A4F7556}") = "sib_api_v3_sdk", "src\sib_api_v3_sdk\sib_api_v3_sdk.csproj", "{6C3156D9-31D5-4550-8E91-1BBAF88A5264}"
EndProject
Global
	GlobalSection(SolutionConfigurationPlatforms) = preSolution
		Debug|Any CPU = Debug|Any CPU
		Release|Any CPU = Release|Any CPU
	EndGlobalSection
	GlobalSection(ProjectConfigurationPlatforms) = postSolution
		{6C3156D9-31D5-4550-8E91-1BBAF88A5264}.Debug|Any CPU.ActiveCfg = Debug|Any CPU
		{6C3156D9-31D5-4550-8E91-1BBAF88A5264}.Debug|Any CPU.Build.0 = Debug|Any CPU
		{6C3156D9-31D5-4550-8E91-1BBAF88A5264}.Release|Any CPU.ActiveCfg = Release|Any CPU
		{6C3156D9-31D5-4550-8E91-1BBAF88A5264}.Release|Any CPU.Build.0 = Release|Any CPU
	EndGlobalSection
	GlobalSection(SolutionProperties) = preSolution
		HideSolutionNode = FALSE
	EndGlobalSection
	GlobalSection(ExtensibilityGlobals) = postSolution
		SolutionGuid = {3E0E34C5-05C9-4975-BD57-02170BC5A67B}
	EndGlobalSection
EndGlobal
